
Microsoft Visual Studio Solution File, Format Version 12.00
# Visual Studio Version 17
VisualStudioVersion = 17.9.34723.18
MinimumVisualStudioVersion = 10.0.40219.1
Project("{FAE04EC0-301F-11D3-BF4B-00C04F79EFBC}") = "GPUStatistics", "GPUStatistics\GPUStatistics.csproj", "{FBF20D67-41B7-4183-A14A-B792A51761F5}"
EndProject
Global
	GlobalSection(SolutionConfigurationPlatforms) = preSolution
		Debug|Any CPU = Debug|Any CPU
		Release|Any CPU = Release|Any CPU
	EndGlobalSection
	GlobalSection(ProjectConfigurationPlatforms) = postSolution
		{FBF20D67-41B7-4183-A14A-B792A51761F5}.Debug|Any CPU.ActiveCfg = Debug|Any CPU
		{FBF20D67-41B7-4183-A14A-B792A51761F5}.Debug|Any CPU.Build.0 = Debug|Any CPU
		{FBF20D67-41B7-4183-A14A-B792A51761F5}.Release|Any CPU.ActiveCfg = Release|Any CPU
		{FBF20D67-41B7-4183-A14A-B792A51761F5}.Release|Any CPU.Build.0 = Release|Any CPU
	EndGlobalSection
	GlobalSection(SolutionProperties) = preSolution
		HideSolutionNode = FALSE
	EndGlobalSection
	GlobalSection(ExtensibilityGlobals) = postSolution
		SolutionGuid = {7032ABAA-87B0-4418-9795-D277C5CA9607}
	EndGlobalSection
EndGlobal
